{
  "name": "cc-for-codex",
  "version": "0.2.7",
  "lockfileVersion": 3,
  "requires": true,
  "packages": {
    "": {
      "name": "cc-for-codex",
      "version": "0.2.7",
      "license": "MIT",
      "bin": {
        "cc-for-codex": "plugins/cc-for-codex/scripts/cc-for-codex"
      },
      "engines": {
        "node": ">=20"
      }
    }
  }
}
